
Microsoft Visual Studio Solution File, Format Version 12.00
# Visual Studio 15
VisualStudioVersion = 15.0.26730.12
MinimumVisualStudioVersion = 10.0.40219.1
Project("{FAE04EC0-301F-11D3-BF4B-00C04F79EFBC}") = "Cucumber.Pro.SpecFlowPlugin.TestDataGenerator", "Cucumber.Pro.SpecFlowPlugin.TestDataGenerator.csproj", "{AEF74C88-B750-4A65-9E9A-684CCC1A0C7D}"
EndProject
Project("{2150E333-8FDC-42A3-9474-1A3956D46DE8}") = "Samples", "Samples", "{6142A480-58D5-4F5A-A948-115C1A24B1E3}"
	ProjectSection(SolutionItems) = preProject
		..\..\features\decaying-background.feature = ..\..\features\decaying-background.feature
		..\..\features\decaying-background.feature.java.json = ..\..\features\decaying-background.feature.java.json
		..\..\features\decaying-background.feature.js.json = ..\..\features\decaying-background.feature.js.json
		..\..\features\decaying-background.feature.rb.json = ..\..\features\decaying-background.feature.rb.json
		..\..\features\failing-after-hook.feature = ..\..\features\failing-after-hook.feature
		..\..\features\failing-after-hook.feature.java.json = ..\..\features\failing-after-hook.feature.java.json
		..\..\features\failing-after-hook.feature.js.json = ..\..\features\failing-after-hook.feature.js.json
		..\..\features\failing-after-hook.feature.rb.json = ..\..\features\failing-after-hook.feature.rb.json
		..\..\features\failing-after-step-hook.feature = ..\..\features\failing-after-step-hook.feature
		..\..\features\failing-after-step-hook.feature.java.json = ..\..\features\failing-after-step-hook.feature.java.json
		..\..\features\failing-after-step-hook.feature.js.json = ..\..\features\failing-after-step-hook.feature.js.json
		..\..\features\failing-after-step-hook.feature.rb.json = ..\..\features\failing-after-step-hook.feature.rb.json
		..\..\features\failing-background-step.feature = ..\..\features\failing-background-step.feature
		..\..\features\failing-background-step.feature.java.json = ..\..\features\failing-background-step.feature.java.json
		..\..\features\failing-background-step.feature.js.json = ..\..\features\failing-background-step.feature.js.json
		..\..\features\failing-background-step.feature.rb.json = ..\..\features\failing-background-step.feature.rb.json
		..\..\features\failing-background-with-two-scenarios.feature = ..\..\features\failing-background-with-two-scenarios.feature
		..\..\features\failing-background-with-two-scenarios.feature.java.json = ..\..\features\failing-background-with-two-scenarios.feature.java.json
		..\..\features\failing-background-with-two-scenarios.feature.js.json = ..\..\features\failing-background-with-two-scenarios.feature.js.json
		..\..\features\failing-background-with-two-scenarios.feature.rb.json = ..\..\features\failing-background-with-two-scenarios.feature.rb.json
		..\..\features\failing-before-hook-with-background.feature = ..\..\features\failing-before-hook-with-background.feature
		..\..\features\failing-before-hook-with-background.feature.java.json = ..\..\features\failing-before-hook-with-background.feature.java.json
		..\..\features\failing-before-hook-with-background.feature.js.json = ..\..\features\failing-before-hook-with-background.feature.js.json
		..\..\features\failing-before-hook-with-background.feature.rb.json = ..\..\features\failing-before-hook-with-background.feature.rb.json
		..\..\features\failing-before-hook.feature = ..\..\features\failing-before-hook.feature
		..\..\features\failing-before-hook.feature.java.json = ..\..\features\failing-before-hook.feature.java.json
		..\..\features\failing-before-hook.feature.js.json = ..\..\features\failing-before-hook.feature.js.json
		..\..\features\failing-before-hook.feature.rb.json = ..\..\features\failing-before-hook.feature.rb.json
		..\..\features\flaky-scenario.feature = ..\..\features\flaky-scenario.feature
		..\..\features\flaky-scenario.feature.java.json = ..\..\features\flaky-scenario.feature.java.json
		..\..\features\flaky-scenario.feature.js.json = ..\..\features\flaky-scenario.feature.js.json
		..\..\features\flaky-scenario.feature.rb.json = ..\..\features\flaky-scenario.feature.rb.json
		..\..\features\one-failing-scenario.feature = ..\..\features\one-failing-scenario.feature
		..\..\features\one-failing-scenario.feature.java.json = ..\..\features\one-failing-scenario.feature.java.json
		..\..\features\one-failing-scenario.feature.js.json = ..\..\features\one-failing-scenario.feature.js.json
		..\..\features\one-failing-scenario.feature.rb.json = ..\..\features\one-failing-scenario.feature.rb.json
		..\..\features\one-passing-scenario-outline-row.feature = ..\..\features\one-passing-scenario-outline-row.feature
		..\..\features\one-passing-scenario-outline-row.feature.java.json = ..\..\features\one-passing-scenario-outline-row.feature.java.json
		..\..\features\one-passing-scenario-outline-row.feature.js.json = ..\..\features\one-passing-scenario-outline-row.feature.js.json
		..\..\features\one-passing-scenario-outline-row.feature.rb.json = ..\..\features\one-passing-scenario-outline-row.feature.rb.json
		..\..\features\one-passing-scenario.feature = ..\..\features\one-passing-scenario.feature
		..\..\features\one-passing-scenario.feature.cs = ..\..\features\one-passing-scenario.feature.cs
		..\..\features\one-passing-scenario.feature.java.json = ..\..\features\one-passing-scenario.feature.java.json
		..\..\features\one-passing-scenario.feature.js.json = ..\..\features\one-passing-scenario.feature.js.json
		..\..\features\one-passing-scenario.feature.rb.json = ..\..\features\one-passing-scenario.feature.rb.json
		..\..\features\one-pending-scenario.feature = ..\..\features\one-pending-scenario.feature
		..\..\features\one-pending-scenario.feature.java.json = ..\..\features\one-pending-scenario.feature.java.json
		..\..\features\one-pending-scenario.feature.js.json = ..\..\features\one-pending-scenario.feature.js.json
		..\..\features\one-pending-scenario.feature.rb.json = ..\..\features\one-pending-scenario.feature.rb.json
		..\..\features\one-skipped-scenario.feature = ..\..\features\one-skipped-scenario.feature
		..\..\features\one-skipped-scenario.feature.java.json = ..\..\features\one-skipped-scenario.feature.java.json
		..\..\features\one-skipped-scenario.feature.js.json = ..\..\features\one-skipped-scenario.feature.js.json
		..\..\features\one-skipped-scenario.feature.rb.json = ..\..\features\one-skipped-scenario.feature.rb.json
		..\..\features\one-undefined-scenario.feature = ..\..\features\one-undefined-scenario.feature
		..\..\features\one-undefined-scenario.feature.java.json = ..\..\features\one-undefined-scenario.feature.java.json
		..\..\features\one-undefined-scenario.feature.js.json = ..\..\features\one-undefined-scenario.feature.js.json
		..\..\features\one-undefined-scenario.feature.rb.json = ..\..\features\one-undefined-scenario.feature.rb.json
		..\..\features\scenario-outline-with-decaying-background.feature = ..\..\features\scenario-outline-with-decaying-background.feature
		..\..\features\scenario-outline-with-decaying-background.feature.java.json = ..\..\features\scenario-outline-with-decaying-background.feature.java.json
		..\..\features\scenario-outline-with-decaying-background.feature.js.json = ..\..\features\scenario-outline-with-decaying-background.feature.js.json
		..\..\features\scenario-outline-with-decaying-background.feature.rb.json = ..\..\features\scenario-outline-with-decaying-background.feature.rb.json
		..\..\features\scenario-outline.feature = ..\..\features\scenario-outline.feature
		..\..\features\scenario-outline.feature.java.json = ..\..\features\scenario-outline.feature.java.json
		..\..\features\scenario-outline.feature.js.json = ..\..\features\scenario-outline.feature.js.json
		..\..\features\scenario-outline.feature.rb.json = ..\..\features\scenario-outline.feature.rb.json
		..\..\features\three-failing-scenarios.feature = ..\..\features\three-failing-scenarios.feature
		..\..\features\three-failing-scenarios.feature.java.json = ..\..\features\three-failing-scenarios.feature.java.json
		..\..\features\three-failing-scenarios.feature.js.json = ..\..\features\three-failing-scenarios.feature.js.json
		..\..\features\three-failing-scenarios.feature.rb.json = ..\..\features\three-failing-scenarios.feature.rb.json
		..\..\features\undefined-background-with-two-scenarios.feature = ..\..\features\undefined-background-with-two-scenarios.feature
		..\..\features\undefined-background-with-two-scenarios.feature.java.json = ..\..\features\undefined-background-with-two-scenarios.feature.java.json
		..\..\features\undefined-background-with-two-scenarios.feature.js.json = ..\..\features\undefined-background-with-two-scenarios.feature.js.json
		..\..\features\undefined-background-with-two-scenarios.feature.rb.json = ..\..\features\undefined-background-with-two-scenarios.feature.rb.json
	EndProjectSection
EndProject
Global
	GlobalSection(SolutionConfigurationPlatforms) = preSolution
		Debug|Any CPU = Debug|Any CPU
		Release|Any CPU = Release|Any CPU
	EndGlobalSection
	GlobalSection(ProjectConfigurationPlatforms) = postSolution
		{AEF74C88-B750-4A65-9E9A-684CCC1A0C7D}.Debug|Any CPU.ActiveCfg = Debug|Any CPU
		{AEF74C88-B750-4A65-9E9A-684CCC1A0C7D}.Debug|Any CPU.Build.0 = Debug|Any CPU
		{AEF74C88-B750-4A65-9E9A-684CCC1A0C7D}.Release|Any CPU.ActiveCfg = Release|Any CPU
		{AEF74C88-B750-4A65-9E9A-684CCC1A0C7D}.Release|Any CPU.Build.0 = Release|Any CPU
	EndGlobalSection
	GlobalSection(SolutionProperties) = preSolution
		HideSolutionNode = FALSE
	EndGlobalSection
	GlobalSection(ExtensibilityGlobals) = postSolution
		SolutionGuid = {2BA89D1A-7DF6-4591-927E-DEB71090D332}
	EndGlobalSection
EndGlobal
