
Microsoft Visual Studio Solution File, Format Version 12.00
# Visual Studio 15
VisualStudioVersion = 15.0.26730.12
MinimumVisualStudioVersion = 10.0.40219.1
Project("{FAE04EC0-301F-11D3-BF4B-00C04F79EFBC}") = "Cucumber.Pro.SpecFlowPlugin.TestDataGenerator", "Cucumber.Pro.SpecFlowPlugin.TestDataGenerator.csproj", "{AEF74C88-B750-4A65-9E9A-684CCC1A0C7D}"
EndProject
Global
	GlobalSection(SolutionConfigurationPlatforms) = preSolution
		Debug|Any CPU = Debug|Any CPU
		Release|Any CPU = Release|Any CPU
	EndGlobalSection
	GlobalSection(ProjectConfigurationPlatforms) = postSolution
		{AEF74C88-B750-4A65-9E9A-684CCC1A0C7D}.Debug|Any CPU.ActiveCfg = Debug|Any CPU
		{AEF74C88-B750-4A65-9E9A-684CCC1A0C7D}.Debug|Any CPU.Build.0 = Debug|Any CPU
		{AEF74C88-B750-4A65-9E9A-684CCC1A0C7D}.Release|Any CPU.ActiveCfg = Release|Any CPU
		{AEF74C88-B750-4A65-9E9A-684CCC1A0C7D}.Release|Any CPU.Build.0 = Release|Any CPU
	EndGlobalSection
	GlobalSection(SolutionProperties) = preSolution
		HideSolutionNode = FALSE
	EndGlobalSection
	GlobalSection(ExtensibilityGlobals) = postSolution
		SolutionGuid = {2BA89D1A-7DF6-4591-927E-DEB71090D332}
	EndGlobalSection
EndGlobal
